
Microsoft Visual Studio Solution File, Format Version 12.00
# Visual Studio Version 17
VisualStudioVersion = 17.3.32811.315
MinimumVisualStudioVersion = 10.0.40219.1
Project("{FAE04EC0-301F-11D3-BF4B-00C04F79EFBC}") = "azure-service-bus-demo", "azure-service-bus-demo.csproj", "{2EAE79E9-596D-460D-9C8E-B8E2D6EB7EC8}"
EndProject
Project("{FAE04EC0-301F-11D3-BF4B-00C04F79EFBC}") = "AzureServiceBusSender", "..\AzureServiceBusSender\AzureServiceBusSender.csproj", "{6DDB2E71-3F1E-45AE-9ACB-468EABA2047B}"
EndProject
Global
	GlobalSection(SolutionConfigurationPlatforms) = preSolution
		Debug|Any CPU = Debug|Any CPU
		Release|Any CPU = Release|Any CPU
	EndGlobalSection
	GlobalSection(ProjectConfigurationPlatforms) = postSolution
		{2EAE79E9-596D-460D-9C8E-B8E2D6EB7EC8}.Debug|Any CPU.ActiveCfg = Debug|Any CPU
		{2EAE79E9-596D-460D-9C8E-B8E2D6EB7EC8}.Debug|Any CPU.Build.0 = Debug|Any CPU
		{2EAE79E9-596D-460D-9C8E-B8E2D6EB7EC8}.Release|Any CPU.ActiveCfg = Release|Any CPU
		{2EAE79E9-596D-460D-9C8E-B8E2D6EB7EC8}.Release|Any CPU.Build.0 = Release|Any CPU
		{6DDB2E71-3F1E-45AE-9ACB-468EABA2047B}.Debug|Any CPU.ActiveCfg = Debug|Any CPU
		{6DDB2E71-3F1E-45AE-9ACB-468EABA2047B}.Debug|Any CPU.Build.0 = Debug|Any CPU
		{6DDB2E71-3F1E-45AE-9ACB-468EABA2047B}.Release|Any CPU.ActiveCfg = Release|Any CPU
		{6DDB2E71-3F1E-45AE-9ACB-468EABA2047B}.Release|Any CPU.Build.0 = Release|Any CPU
	EndGlobalSection
	GlobalSection(SolutionProperties) = preSolution
		HideSolutionNode = FALSE
	EndGlobalSection
	GlobalSection(ExtensibilityGlobals) = postSolution
		SolutionGuid = {22F355C0-87BE-4FE5-B11A-1983F3DEA496}
	EndGlobalSection
EndGlobal
